
Microsoft Visual Studio Solution File, Format Version 12.00
# Visual Studio Version 16
VisualStudioVersion = 16.0.30503.244
MinimumVisualStudioVersion = 10.0.40219.1
Project("{FAE04EC0-301F-11D3-BF4B-00C04F79EFBC}") = "HashTable", "HashTable\HashTable.csproj", "{7DC62F08-AFD7-43F7-880A-993FEED6A432}"
EndProject
Global
	GlobalSection(SolutionConfigurationPlatforms) = preSolution
		Debug|Any CPU = Debug|Any CPU
		Release|Any CPU = Release|Any CPU
	EndGlobalSection
	GlobalSection(ProjectConfigurationPlatforms) = postSolution
		{7DC62F08-AFD7-43F7-880A-993FEED6A432}.Debug|Any CPU.ActiveCfg = Debug|Any CPU
		{7DC62F08-AFD7-43F7-880A-993FEED6A432}.Debug|Any CPU.Build.0 = Debug|Any CPU
		{7DC62F08-AFD7-43F7-880A-993FEED6A432}.Release|Any CPU.ActiveCfg = Release|Any CPU
		{7DC62F08-AFD7-43F7-880A-993FEED6A432}.Release|Any CPU.Build.0 = Release|Any CPU
	EndGlobalSection
	GlobalSection(SolutionProperties) = preSolution
		HideSolutionNode = FALSE
	EndGlobalSection
	GlobalSection(ExtensibilityGlobals) = postSolution
		SolutionGuid = {12A8A2D2-4460-4068-A9D4-2FFCB614DF25}
	EndGlobalSection
EndGlobal
